
Microsoft Visual Studio Solution File, Format Version 12.00
# Visual Studio Version 17
VisualStudioVersion = 17.8.34330.188
MinimumVisualStudioVersion = 10.0.40219.1
Project("{FAE04EC0-301F-11D3-BF4B-00C04F79EFBC}") = "poligon", "poligon.csproj", "{0DE1AA35-1EA3-4005-81CA-A6B153ABE7F4}"
EndProject
Global
	GlobalSection(SolutionConfigurationPlatforms) = preSolution
		Debug|Any CPU = Debug|Any CPU
		Release|Any CPU = Release|Any CPU
	EndGlobalSection
	GlobalSection(ProjectConfigurationPlatforms) = postSolution
		{0DE1AA35-1EA3-4005-81CA-A6B153ABE7F4}.Debug|Any CPU.ActiveCfg = Debug|Any CPU
		{0DE1AA35-1EA3-4005-81CA-A6B153ABE7F4}.Debug|Any CPU.Build.0 = Debug|Any CPU
		{0DE1AA35-1EA3-4005-81CA-A6B153ABE7F4}.Release|Any CPU.ActiveCfg = Release|Any CPU
		{0DE1AA35-1EA3-4005-81CA-A6B153ABE7F4}.Release|Any CPU.Build.0 = Release|Any CPU
	EndGlobalSection
	GlobalSection(SolutionProperties) = preSolution
		HideSolutionNode = FALSE
	EndGlobalSection
	GlobalSection(ExtensibilityGlobals) = postSolution
		SolutionGuid = {1EA1B5FF-8A6E-4354-A6A7-7D9B3C8ED59A}
	EndGlobalSection
EndGlobal
